{
  "name": "node-sample-docker-fn",
  "version": "0.0.1",
  "lockfileVersion": 1,
  "requires": true,
  "dependencies": {
    "@fnproject/fdk": {
      "version": "0.0.19",
      "resolved": "https://registry.npmjs.org/@fnproject/fdk/-/fdk-0.0.19.tgz",
      "integrity": "sha512-XCZzIqZ6GJgI3tHUhboTQJ74RMVypKhfsiDyFRtxd7KUJdT/xSC0Fp6IQXXvg9oLYi+SGtRiAju2rpE3rW0ygw=="
    },
    "fs": {
      "version": "0.0.1-security",
      "resolved": "https://registry.npmjs.org/fs/-/fs-0.0.1-security.tgz",
      "integrity": "sha1-invTcYa23d84E/I4WLV+yq9eQdQ="
    },
    "node-forge": {
      "version": "0.10.0",
      "resolved": "https://registry.npmjs.org/node-forge/-/node-forge-0.10.0.tgz",
      "integrity": "sha512-PPmu8eEeG9saEUvI97fm4OYxXVB6bFvyNTyiUOBichBpFG8A1Ljw3bY62+5oOjDEMHRnd0Y7HQ+x7uzxOzC6JA=="
    }
  }
}
